
Microsoft Visual Studio Solution File, Format Version 12.00
# Visual Studio Version 17
VisualStudioVersion = 17.0.31912.275
MinimumVisualStudioVersion = 10.0.40219.1
Project("{8BC9CEB8-8B4A-11D0-8D11-00A0C91BC942}") = "KNU 23-2", "KNU 23-2\KNU 23-2.vcxproj", "{1575EBA9-4967-46B6-BD6C-2E3354EF11BF}"
EndProject
Global
	GlobalSection(SolutionConfigurationPlatforms) = preSolution
		Debug|x64 = Debug|x64
		Debug|x86 = Debug|x86
		Release|x64 = Release|x64
		Release|x86 = Release|x86
	EndGlobalSection
	GlobalSection(ProjectConfigurationPlatforms) = postSolution
		{1575EBA9-4967-46B6-BD6C-2E3354EF11BF}.Debug|x64.ActiveCfg = Debug|x64
		{1575EBA9-4967-46B6-BD6C-2E3354EF11BF}.Debug|x64.Build.0 = Debug|x64
		{1575EBA9-4967-46B6-BD6C-2E3354EF11BF}.Debug|x86.ActiveCfg = Debug|Win32
		{1575EBA9-4967-46B6-BD6C-2E3354EF11BF}.Debug|x86.Build.0 = Debug|Win32
		{1575EBA9-4967-46B6-BD6C-2E3354EF11BF}.Release|x64.ActiveCfg = Release|x64
		{1575EBA9-4967-46B6-BD6C-2E3354EF11BF}.Release|x64.Build.0 = Release|x64
		{1575EBA9-4967-46B6-BD6C-2E3354EF11BF}.Release|x86.ActiveCfg = Release|Win32
		{1575EBA9-4967-46B6-BD6C-2E3354EF11BF}.Release|x86.Build.0 = Release|Win32
	EndGlobalSection
	GlobalSection(SolutionProperties) = preSolution
		HideSolutionNode = FALSE
	EndGlobalSection
	GlobalSection(ExtensibilityGlobals) = postSolution
		SolutionGuid = {4597545E-8939-43CA-ABCB-7C04663C048B}
	EndGlobalSection
EndGlobal
